
Microsoft Visual Studio Solution File, Format Version 12.00
# Visual Studio Version 17
VisualStudioVersion = 17.11.35303.130
MinimumVisualStudioVersion = 10.0.40219.1
Project("{8BC9CEB8-8B4A-11D0-8D11-00A0C91BC942}") = "bitOperations", "bitOperations\bitOperations.vcxproj", "{A66DA67F-3222-4FC2-8E50-BEEA50EC436B}"
EndProject
Global
	GlobalSection(SolutionConfigurationPlatforms) = preSolution
		Debug|x64 = Debug|x64
		Debug|x86 = Debug|x86
		Release|x64 = Release|x64
		Release|x86 = Release|x86
	EndGlobalSection
	GlobalSection(ProjectConfigurationPlatforms) = postSolution
		{A66DA67F-3222-4FC2-8E50-BEEA50EC436B}.Debug|x64.ActiveCfg = Debug|x64
		{A66DA67F-3222-4FC2-8E50-BEEA50EC436B}.Debug|x64.Build.0 = Debug|x64
		{A66DA67F-3222-4FC2-8E50-BEEA50EC436B}.Debug|x86.ActiveCfg = Debug|Win32
		{A66DA67F-3222-4FC2-8E50-BEEA50EC436B}.Debug|x86.Build.0 = Debug|Win32
		{A66DA67F-3222-4FC2-8E50-BEEA50EC436B}.Release|x64.ActiveCfg = Release|x64
		{A66DA67F-3222-4FC2-8E50-BEEA50EC436B}.Release|x64.Build.0 = Release|x64
		{A66DA67F-3222-4FC2-8E50-BEEA50EC436B}.Release|x86.ActiveCfg = Release|Win32
		{A66DA67F-3222-4FC2-8E50-BEEA50EC436B}.Release|x86.Build.0 = Release|Win32
	EndGlobalSection
	GlobalSection(SolutionProperties) = preSolution
		HideSolutionNode = FALSE
	EndGlobalSection
	GlobalSection(ExtensibilityGlobals) = postSolution
		SolutionGuid = {A893EC35-CE5A-4D44-9739-D324B2F302E6}
	EndGlobalSection
EndGlobal
